
Microsoft Visual Studio Solution File, Format Version 9.00
# Visual Studio 2005
Project("{FAE04EC0-301F-11D3-BF4B-00C04F79EFBC}") = "SmbClient.PrivateChannels", "PrivateContracts\SmbClient.PrivateChannels.csproj", "{83A5F7CD-2620-4250-B157-E15B0EAC2D45}"
EndProject
Project("{FAE04EC0-301F-11D3-BF4B-00C04F79EFBC}") = "SmbClient.PublicContracts", "PublicContracts\SmbClient.PublicContracts.csproj", "{320A73D0-FE2A-4454-864D-97BB997D388E}"
EndProject
Project("{2150E333-8FDC-42A3-9474-1A3956D46DE8}") = "Smb", "Smb", "{C9E9C530-4606-4590-902A-21FC5C301EF9}"
	ProjectSection(SolutionItems) = preProject
		Makefile = Makefile
	EndProjectSection
EndProject
Project("{2D5F3EBF-B93A-4468-B236-4C125BB2FD8A}") = "Smb.Control", "Control\SmbControl.sgproj", "{ADB98D05-A8C3-419C-AA3F-A23E2A1B66A1}"
EndProject
Project("{2D5F3EBF-B93A-4468-B236-4C125BB2FD8A}") = "Smb.PrivateContracts", "PrivateContracts\PrivateContracts.sgproj", "{B80B3E7B-C834-42B3-8708-7A4F5D5725FB}"
EndProject
Project("{2D5F3EBF-B93A-4468-B236-4C125BB2FD8A}") = "Smb.PublicContracts", "PublicContracts\PublicContracts.sgproj", "{3951F9E6-A796-4950-9CF1-9F2A9FEF90D9}"
EndProject
Project("{2D5F3EBF-B93A-4468-B236-4C125BB2FD8A}") = "Smb.ClientService", "ClientService\ClientService.sgproj", "{3FEA42BA-EB84-4AEF-9C47-247B74A5CF9E}"
EndProject
Project("{2D5F3EBF-B93A-4468-B236-4C125BB2FD8A}") = "Smb.Client", "Client\Smb.Client.sgproj", "{725C5906-B421-4D78-AA81-1E3DD02DA131}"
EndProject
Project("{2D5F3EBF-B93A-4468-B236-4C125BB2FD8A}") = "Smb.Shared", "Shared\Smb.Shared.sgproj", "{9D2153CC-266D-484D-9777-13C9081EB7EB}"
EndProject
Project("{2D5F3EBF-B93A-4468-B236-4C125BB2FD8A}") = "Smb.Protocol", "Protocol\Smb.Protocol.sgproj", "{C13F889C-ECE4-4658-8269-A8BEBFC0EF30}"
EndProject
Global
	GlobalSection(SolutionConfigurationPlatforms) = preSolution
		Debug|.NET = Debug|.NET
		Debug|Any CPU = Debug|Any CPU
		Debug|Mixed Platforms = Debug|Mixed Platforms
		Debug|Win32 = Debug|Win32
		Release|.NET = Release|.NET
		Release|Any CPU = Release|Any CPU
		Release|Mixed Platforms = Release|Mixed Platforms
		Release|Win32 = Release|Win32
	EndGlobalSection
	GlobalSection(ProjectConfigurationPlatforms) = postSolution
		{83A5F7CD-2620-4250-B157-E15B0EAC2D45}.Debug|.NET.ActiveCfg = Debug|Any CPU
		{83A5F7CD-2620-4250-B157-E15B0EAC2D45}.Debug|Any CPU.ActiveCfg = Debug|Any CPU
		{83A5F7CD-2620-4250-B157-E15B0EAC2D45}.Debug|Any CPU.Build.0 = Debug|Any CPU
		{83A5F7CD-2620-4250-B157-E15B0EAC2D45}.Debug|Mixed Platforms.ActiveCfg = Debug|Any CPU
		{83A5F7CD-2620-4250-B157-E15B0EAC2D45}.Debug|Win32.ActiveCfg = Debug|Any CPU
		{83A5F7CD-2620-4250-B157-E15B0EAC2D45}.Release|.NET.ActiveCfg = Release|Any CPU
		{83A5F7CD-2620-4250-B157-E15B0EAC2D45}.Release|Any CPU.ActiveCfg = Release|Any CPU
		{83A5F7CD-2620-4250-B157-E15B0EAC2D45}.Release|Any CPU.Build.0 = Release|Any CPU
		{83A5F7CD-2620-4250-B157-E15B0EAC2D45}.Release|Mixed Platforms.ActiveCfg = Release|Any CPU
		{83A5F7CD-2620-4250-B157-E15B0EAC2D45}.Release|Mixed Platforms.Build.0 = Release|Any CPU
		{83A5F7CD-2620-4250-B157-E15B0EAC2D45}.Release|Win32.ActiveCfg = Release|Any CPU
		{320A73D0-FE2A-4454-864D-97BB997D388E}.Debug|.NET.ActiveCfg = Debug|Any CPU
		{320A73D0-FE2A-4454-864D-97BB997D388E}.Debug|Any CPU.ActiveCfg = Debug|Any CPU
		{320A73D0-FE2A-4454-864D-97BB997D388E}.Debug|Any CPU.Build.0 = Debug|Any CPU
		{320A73D0-FE2A-4454-864D-97BB997D388E}.Debug|Mixed Platforms.ActiveCfg = Debug|Any CPU
		{320A73D0-FE2A-4454-864D-97BB997D388E}.Debug|Win32.ActiveCfg = Debug|Any CPU
		{320A73D0-FE2A-4454-864D-97BB997D388E}.Release|.NET.ActiveCfg = Release|Any CPU
		{320A73D0-FE2A-4454-864D-97BB997D388E}.Release|Any CPU.ActiveCfg = Release|Any CPU
		{320A73D0-FE2A-4454-864D-97BB997D388E}.Release|Any CPU.Build.0 = Release|Any CPU
		{320A73D0-FE2A-4454-864D-97BB997D388E}.Release|Mixed Platforms.ActiveCfg = Release|Any CPU
		{320A73D0-FE2A-4454-864D-97BB997D388E}.Release|Mixed Platforms.Build.0 = Release|Any CPU
		{320A73D0-FE2A-4454-864D-97BB997D388E}.Release|Win32.ActiveCfg = Release|Any CPU
		{ADB98D05-A8C3-419C-AA3F-A23E2A1B66A1}.Debug|.NET.ActiveCfg = Debug|.NET
		{ADB98D05-A8C3-419C-AA3F-A23E2A1B66A1}.Debug|.NET.Build.0 = Debug|.NET
		{ADB98D05-A8C3-419C-AA3F-A23E2A1B66A1}.Debug|Any CPU.ActiveCfg = Debug|.NET
		{ADB98D05-A8C3-419C-AA3F-A23E2A1B66A1}.Debug|Mixed Platforms.ActiveCfg = Debug|.NET
		{ADB98D05-A8C3-419C-AA3F-A23E2A1B66A1}.Debug|Mixed Platforms.Build.0 = Debug|.NET
		{ADB98D05-A8C3-419C-AA3F-A23E2A1B66A1}.Debug|Win32.ActiveCfg = Debug|.NET
		{ADB98D05-A8C3-419C-AA3F-A23E2A1B66A1}.Release|.NET.ActiveCfg = Release|.NET
		{ADB98D05-A8C3-419C-AA3F-A23E2A1B66A1}.Release|.NET.Build.0 = Release|.NET
		{ADB98D05-A8C3-419C-AA3F-A23E2A1B66A1}.Release|Any CPU.ActiveCfg = Release|.NET
		{ADB98D05-A8C3-419C-AA3F-A23E2A1B66A1}.Release|Mixed Platforms.ActiveCfg = Release|.NET
		{ADB98D05-A8C3-419C-AA3F-A23E2A1B66A1}.Release|Mixed Platforms.Build.0 = Release|.NET
		{ADB98D05-A8C3-419C-AA3F-A23E2A1B66A1}.Release|Win32.ActiveCfg = Release|.NET
		{B80B3E7B-C834-42B3-8708-7A4F5D5725FB}.Debug|.NET.ActiveCfg = Debug|.NET
		{B80B3E7B-C834-42B3-8708-7A4F5D5725FB}.Debug|.NET.Build.0 = Debug|.NET
		{B80B3E7B-C834-42B3-8708-7A4F5D5725FB}.Debug|Any CPU.ActiveCfg = Debug|.NET
		{B80B3E7B-C834-42B3-8708-7A4F5D5725FB}.Debug|Mixed Platforms.ActiveCfg = Debug|.NET
		{B80B3E7B-C834-42B3-8708-7A4F5D5725FB}.Debug|Mixed Platforms.Build.0 = Debug|.NET
		{B80B3E7B-C834-42B3-8708-7A4F5D5725FB}.Debug|Win32.ActiveCfg = Debug|.NET
		{B80B3E7B-C834-42B3-8708-7A4F5D5725FB}.Release|.NET.ActiveCfg = Release|.NET
		{B80B3E7B-C834-42B3-8708-7A4F5D5725FB}.Release|.NET.Build.0 = Release|.NET
		{B80B3E7B-C834-42B3-8708-7A4F5D5725FB}.Release|Any CPU.ActiveCfg = Release|.NET
		{B80B3E7B-C834-42B3-8708-7A4F5D5725FB}.Release|Mixed Platforms.ActiveCfg = Release|.NET
		{B80B3E7B-C834-42B3-8708-7A4F5D5725FB}.Release|Mixed Platforms.Build.0 = Release|.NET
		{B80B3E7B-C834-42B3-8708-7A4F5D5725FB}.Release|Win32.ActiveCfg = Release|.NET
		{3951F9E6-A796-4950-9CF1-9F2A9FEF90D9}.Debug|.NET.ActiveCfg = Debug|.NET
		{3951F9E6-A796-4950-9CF1-9F2A9FEF90D9}.Debug|.NET.Build.0 = Debug|.NET
		{3951F9E6-A796-4950-9CF1-9F2A9FEF90D9}.Debug|Any CPU.ActiveCfg = Debug|.NET
		{3951F9E6-A796-4950-9CF1-9F2A9FEF90D9}.Debug|Mixed Platforms.ActiveCfg = Debug|.NET
		{3951F9E6-A796-4950-9CF1-9F2A9FEF90D9}.Debug|Mixed Platforms.Build.0 = Debug|.NET
		{3951F9E6-A796-4950-9CF1-9F2A9FEF90D9}.Debug|Win32.ActiveCfg = Debug|.NET
		{3951F9E6-A796-4950-9CF1-9F2A9FEF90D9}.Release|.NET.ActiveCfg = Release|.NET
		{3951F9E6-A796-4950-9CF1-9F2A9FEF90D9}.Release|.NET.Build.0 = Release|.NET
		{3951F9E6-A796-4950-9CF1-9F2A9FEF90D9}.Release|Any CPU.ActiveCfg = Release|.NET
		{3951F9E6-A796-4950-9CF1-9F2A9FEF90D9}.Release|Mixed Platforms.ActiveCfg = Release|.NET
		{3951F9E6-A796-4950-9CF1-9F2A9FEF90D9}.Release|Mixed Platforms.Build.0 = Release|.NET
		{3951F9E6-A796-4950-9CF1-9F2A9FEF90D9}.Release|Win32.ActiveCfg = Release|.NET
		{3FEA42BA-EB84-4AEF-9C47-247B74A5CF9E}.Debug|.NET.ActiveCfg = Debug|.NET
		{3FEA42BA-EB84-4AEF-9C47-247B74A5CF9E}.Debug|.NET.Build.0 = Debug|.NET
		{3FEA42BA-EB84-4AEF-9C47-247B74A5CF9E}.Debug|Any CPU.ActiveCfg = Debug|.NET
		{3FEA42BA-EB84-4AEF-9C47-247B74A5CF9E}.Debug|Mixed Platforms.ActiveCfg = Debug|.NET
		{3FEA42BA-EB84-4AEF-9C47-247B74A5CF9E}.Debug|Mixed Platforms.Build.0 = Debug|.NET
		{3FEA42BA-EB84-4AEF-9C47-247B74A5CF9E}.Debug|Win32.ActiveCfg = Debug|.NET
		{3FEA42BA-EB84-4AEF-9C47-247B74A5CF9E}.Release|.NET.ActiveCfg = Release|.NET
		{3FEA42BA-EB84-4AEF-9C47-247B74A5CF9E}.Release|.NET.Build.0 = Release|.NET
		{3FEA42BA-EB84-4AEF-9C47-247B74A5CF9E}.Release|Any CPU.ActiveCfg = Release|.NET
		{3FEA42BA-EB84-4AEF-9C47-247B74A5CF9E}.Release|Mixed Platforms.ActiveCfg = Release|.NET
		{3FEA42BA-EB84-4AEF-9C47-247B74A5CF9E}.Release|Mixed Platforms.Build.0 = Release|.NET
		{3FEA42BA-EB84-4AEF-9C47-247B74A5CF9E}.Release|Win32.ActiveCfg = Release|.NET
		{725C5906-B421-4D78-AA81-1E3DD02DA131}.Debug|.NET.ActiveCfg = Debug|.NET
		{725C5906-B421-4D78-AA81-1E3DD02DA131}.Debug|.NET.Build.0 = Debug|.NET
		{725C5906-B421-4D78-AA81-1E3DD02DA131}.Debug|Any CPU.ActiveCfg = Debug|.NET
		{725C5906-B421-4D78-AA81-1E3DD02DA131}.Debug|Mixed Platforms.ActiveCfg = Debug|.NET
		{725C5906-B421-4D78-AA81-1E3DD02DA131}.Debug|Mixed Platforms.Build.0 = Debug|.NET
		{725C5906-B421-4D78-AA81-1E3DD02DA131}.Debug|Win32.ActiveCfg = Debug|.NET
		{725C5906-B421-4D78-AA81-1E3DD02DA131}.Release|.NET.ActiveCfg = Release|.NET
		{725C5906-B421-4D78-AA81-1E3DD02DA131}.Release|.NET.Build.0 = Release|.NET
		{725C5906-B421-4D78-AA81-1E3DD02DA131}.Release|Any CPU.ActiveCfg = Release|.NET
		{725C5906-B421-4D78-AA81-1E3DD02DA131}.Release|Mixed Platforms.ActiveCfg = Release|.NET
		{725C5906-B421-4D78-AA81-1E3DD02DA131}.Release|Mixed Platforms.Build.0 = Release|.NET
		{725C5906-B421-4D78-AA81-1E3DD02DA131}.Release|Win32.ActiveCfg = Release|.NET
		{9D2153CC-266D-484D-9777-13C9081EB7EB}.Debug|.NET.ActiveCfg = Debug|.NET
		{9D2153CC-266D-484D-9777-13C9081EB7EB}.Debug|.NET.Build.0 = Debug|.NET
		{9D2153CC-266D-484D-9777-13C9081EB7EB}.Debug|Any CPU.ActiveCfg = Debug|.NET
		{9D2153CC-266D-484D-9777-13C9081EB7EB}.Debug|Mixed Platforms.ActiveCfg = Debug|.NET
		{9D2153CC-266D-484D-9777-13C9081EB7EB}.Debug|Mixed Platforms.Build.0 = Debug|.NET
		{9D2153CC-266D-484D-9777-13C9081EB7EB}.Debug|Win32.ActiveCfg = Debug|.NET
		{9D2153CC-266D-484D-9777-13C9081EB7EB}.Release|.NET.ActiveCfg = Release|.NET
		{9D2153CC-266D-484D-9777-13C9081EB7EB}.Release|.NET.Build.0 = Release|.NET
		{9D2153CC-266D-484D-9777-13C9081EB7EB}.Release|Any CPU.ActiveCfg = Release|.NET
		{9D2153CC-266D-484D-9777-13C9081EB7EB}.Release|Mixed Platforms.ActiveCfg = Release|.NET
		{9D2153CC-266D-484D-9777-13C9081EB7EB}.Release|Mixed Platforms.Build.0 = Release|.NET
		{9D2153CC-266D-484D-9777-13C9081EB7EB}.Release|Win32.ActiveCfg = Release|.NET
		{C13F889C-ECE4-4658-8269-A8BEBFC0EF30}.Debug|.NET.ActiveCfg = Debug|.NET
		{C13F889C-ECE4-4658-8269-A8BEBFC0EF30}.Debug|.NET.Build.0 = Debug|.NET
		{C13F889C-ECE4-4658-8269-A8BEBFC0EF30}.Debug|Any CPU.ActiveCfg = Debug|.NET
		{C13F889C-ECE4-4658-8269-A8BEBFC0EF30}.Debug|Mixed Platforms.ActiveCfg = Debug|.NET
		{C13F889C-ECE4-4658-8269-A8BEBFC0EF30}.Debug|Mixed Platforms.Build.0 = Debug|.NET
		{C13F889C-ECE4-4658-8269-A8BEBFC0EF30}.Debug|Win32.ActiveCfg = Debug|.NET
		{C13F889C-ECE4-4658-8269-A8BEBFC0EF30}.Release|.NET.ActiveCfg = Release|.NET
		{C13F889C-ECE4-4658-8269-A8BEBFC0EF30}.Release|.NET.Build.0 = Release|.NET
		{C13F889C-ECE4-4658-8269-A8BEBFC0EF30}.Release|Any CPU.ActiveCfg = Release|.NET
		{C13F889C-ECE4-4658-8269-A8BEBFC0EF30}.Release|Mixed Platforms.ActiveCfg = Release|.NET
		{C13F889C-ECE4-4658-8269-A8BEBFC0EF30}.Release|Mixed Platforms.Build.0 = Release|.NET
		{C13F889C-ECE4-4658-8269-A8BEBFC0EF30}.Release|Win32.ActiveCfg = Release|.NET
	EndGlobalSection
	GlobalSection(SolutionProperties) = preSolution
		HideSolutionNode = FALSE
	EndGlobalSection
EndGlobal
